
Microsoft Visual Studio Solution File, Format Version 12.00
# Visual Studio Version 17
VisualStudioVersion = 17.2.32616.157
MinimumVisualStudioVersion = 10.0.40219.1
Project("{8BC9CEB8-8B4A-11D0-8D11-00A0C91BC942}") = "PDBTools", "PDBTools\PDBTools.vcxproj", "{003B0802-F06E-4A1A-9C69-20D63079D163}"
EndProject
Project("{8BC9CEB8-8B4A-11D0-8D11-00A0C91BC942}") = "DISASM", "DISASM\DISASM.vcxproj", "{91297FE6-61A6-414F-82E1-ED5BB8CF0170}"
EndProject
Project("{8BC9CEB8-8B4A-11D0-8D11-00A0C91BC942}") = "CVTOMF", "CVTOMF\CVTOMF.vcxproj", "{73571A39-9621-468C-AB2E-300D70FACEC3}"
EndProject
Global
	GlobalSection(SolutionConfigurationPlatforms) = preSolution
		Debug|x64 = Debug|x64
		Debug|x86 = Debug|x86
		Release|x64 = Release|x64
		Release|x86 = Release|x86
	EndGlobalSection
	GlobalSection(ProjectConfigurationPlatforms) = postSolution
		{003B0802-F06E-4A1A-9C69-20D63079D163}.Debug|x64.ActiveCfg = Debug|x64
		{003B0802-F06E-4A1A-9C69-20D63079D163}.Debug|x64.Build.0 = Debug|x64
		{003B0802-F06E-4A1A-9C69-20D63079D163}.Debug|x86.ActiveCfg = Debug|Win32
		{003B0802-F06E-4A1A-9C69-20D63079D163}.Debug|x86.Build.0 = Debug|Win32
		{003B0802-F06E-4A1A-9C69-20D63079D163}.Release|x64.ActiveCfg = Release|x64
		{003B0802-F06E-4A1A-9C69-20D63079D163}.Release|x64.Build.0 = Release|x64
		{003B0802-F06E-4A1A-9C69-20D63079D163}.Release|x86.ActiveCfg = Release|Win32
		{003B0802-F06E-4A1A-9C69-20D63079D163}.Release|x86.Build.0 = Release|Win32
		{91297FE6-61A6-414F-82E1-ED5BB8CF0170}.Debug|x64.ActiveCfg = Debug|x64
		{91297FE6-61A6-414F-82E1-ED5BB8CF0170}.Debug|x64.Build.0 = Debug|x64
		{91297FE6-61A6-414F-82E1-ED5BB8CF0170}.Debug|x86.ActiveCfg = Debug|Win32
		{91297FE6-61A6-414F-82E1-ED5BB8CF0170}.Debug|x86.Build.0 = Debug|Win32
		{91297FE6-61A6-414F-82E1-ED5BB8CF0170}.Release|x64.ActiveCfg = Release|x64
		{91297FE6-61A6-414F-82E1-ED5BB8CF0170}.Release|x64.Build.0 = Release|x64
		{91297FE6-61A6-414F-82E1-ED5BB8CF0170}.Release|x86.ActiveCfg = Release|Win32
		{91297FE6-61A6-414F-82E1-ED5BB8CF0170}.Release|x86.Build.0 = Release|Win32
		{73571A39-9621-468C-AB2E-300D70FACEC3}.Debug|x64.ActiveCfg = Debug|x64
		{73571A39-9621-468C-AB2E-300D70FACEC3}.Debug|x64.Build.0 = Debug|x64
		{73571A39-9621-468C-AB2E-300D70FACEC3}.Debug|x86.ActiveCfg = Debug|Win32
		{73571A39-9621-468C-AB2E-300D70FACEC3}.Debug|x86.Build.0 = Debug|Win32
		{73571A39-9621-468C-AB2E-300D70FACEC3}.Release|x64.ActiveCfg = Release|x64
		{73571A39-9621-468C-AB2E-300D70FACEC3}.Release|x64.Build.0 = Release|x64
		{73571A39-9621-468C-AB2E-300D70FACEC3}.Release|x86.ActiveCfg = Release|Win32
		{73571A39-9621-468C-AB2E-300D70FACEC3}.Release|x86.Build.0 = Release|Win32
	EndGlobalSection
	GlobalSection(SolutionProperties) = preSolution
		HideSolutionNode = FALSE
	EndGlobalSection
	GlobalSection(ExtensibilityGlobals) = postSolution
		SolutionGuid = {E48200EE-0902-41A6-8F8F-756B76BB5D56}
	EndGlobalSection
EndGlobal
